// !$*UTF8*$!
{
	archiveVersion = 1;
	classes = {
	};
	objectVersion = 46;
	objects = {

/* Begin PBXBuildFile section */
		489811F41B7774FD003D3414 /* UserViewController.swift in Sources */ = {isa = PBXBuildFile; fileRef = 489811F31B7774FD003D3414 /* UserViewController.swift */; };
		48B51CEA1B74F35600171870 /* AppDelegate.swift in Sources */ = {isa = PBXBuildFile; fileRef = 48B51CE91B74F35600171870 /* AppDelegate.swift */; };
		48B51CEC1B74F35600171870 /* ViewController.swift in Sources */ = {isa = PBXBuildFile; fileRef = 48B51CEB1B74F35600171870 /* ViewController.swift */; };
		48B51CEF1B74F35600171870 /* Main.storyboard in Resources */ = {isa = PBXBuildFile; fileRef = 48B51CED1B74F35600171870 /* Main.storyboard */; };
		48B51CF11B74F35600171870 /* Images.xcassets in Resources */ = {isa = PBXBuildFile; fileRef = 48B51CF01B74F35600171870 /* Images.xcassets */; };
		48B51CF41B74F35600171870 /* LaunchScreen.xib in Resources */ = {isa = PBXBuildFile; fileRef = 48B51CF21B74F35600171870 /* LaunchScreen.xib */; };
		48B51D001B74F35600171870 /* tiTests.swift in Sources */ = {isa = PBXBuildFile; fileRef = 48B51CFF1B74F35600171870 /* tiTests.swift */; };
/* End PBXBuildFile section */

/* Begin PBXContainerItemProxy section */
		48B51CFA1B74F35600171870 /* PBXContainerItemProxy */ = {
			isa = PBXContainerItemProxy;
			containerPortal = 48B51CDC1B74F35600171870 /* Project object */;
			proxyType = 1;
			remoteGlobalIDString = 48B51CE31B74F35600171870;
			remoteInfo = ti;
		};
/* End PBXContainerItemProxy section */

/* Begin PBXFileReference section */
		489811F31B7774FD003D3414 /* UserViewController.swift */ = {isa = PBXFileReference; fileEncoding = 4; lastKnownFileType = sourcecode.swift; path = UserViewController.swift; sourceTree = "<group>"; };
		48B51CE41B74F35600171870 /* ti.app */ = {isa = PBXFileReference; explicitFileType = wrapper.application; includeInIndex = 0; path = ti.app; sourceTree = BUILT_PRODUCTS_DIR; };
		48B51CE81B74F35600171870 /* Info.plist */ = {isa = PBXFileReference; lastKnownFileType = text.plist.xml; path = Info.plist; sourceTree = "<group>"; };
		48B51CE91B74F35600171870 /* AppDelegate.swift */ = {isa = PBXFileReference; lastKnownFileType = sourcecode.swift; path = AppDelegate.swift; sourceTree = "<group>"; };
		48B51CEB1B74F35600171870 /* ViewController.swift */ = {isa = PBXFileReference; lastKnownFileType = sourcecode.swift; path = ViewController.swift; sourceTree = "<group>"; };
		48B51CEE1B74F35600171870 /* Base */ = {isa = PBXFileReference; lastKnownFileType = file.storyboard; name = Base; path = Base.lproj/Main.storyboard; sourceTree = "<group>"; };
		48B51CF01B74F35600171870 /* Images.xcassets */ = {isa = PBXFileReference; lastKnownFileType = folder.assetcatalog; path = Images.xcassets; sourceTree = "<group>"; };
		48B51CF31B74F35600171870 /* Base */ = {isa = PBXFileReference; lastKnownFileType = file.xib; name = Base; path = Base.lproj/LaunchScreen.xib; sourceTree = "<group>"; };
		48B51CF91B74F35600171870 /* tiTests.xctest */ = {isa = PBXFileReference; explicitFileType = wrapper.cfbundle; includeInIndex = 0; path = tiTests.xctest; sourceTree = BUILT_PRODUCTS_DIR; };
		48B51CFE1B74F35600171870 /* Info.plist */ = {isa = PBXFileReference; lastKnownFileType = text.plist.xml; path = Info.plist; sourceTree = "<group>"; };
		48B51CFF1B74F35600171870 /* tiTests.swift */ = {isa = PBXFileReference; lastKnownFileType = sourcecode.swift; path = tiTests.swift; sourceTree = "<group>"; };
/* End PBXFileReference section */

/* Begin PBXFrameworksBuildPhase section */
		48B51CE11B74F35600171870 /* Frameworks */ = {
			isa = PBXFrameworksBuildPhase;
			buildActionMask = 2147483647;
			files = (
			);
			runOnlyForDeploymentPostprocessing = 0;
		};
		48B51CF61B74F35600171870 /* Frameworks */ = {
			isa = PBXFrameworksBuildPhase;
			buildActionMask = 2147483647;
			files = (
			);
			runOnlyForDeploymentPostprocessing = 0;
		};
/* End PBXFrameworksBuildPhase section */

/* Begin PBXGroup section */
		489811F21B776BD6003D3414 /* View Controllers */ = {
			isa = PBXGroup;
			children = (
				489811F31B7774FD003D3414 /* UserViewController.swift */,
			);
			name = "View Controllers";
			sourceTree = "<group>";
		};
		48B51CDB1B74F35600171870 = {
			isa = PBXGroup;
			children = (
				48B51CE61B74F35600171870 /* ti */,
				48B51CFC1B74F35600171870 /* tiTests */,
				48B51CE51B74F35600171870 /* Products */,
			);
			sourceTree = "<group>";
		};
		48B51CE51B74F35600171870 /* Products */ = {
			isa = PBXGroup;
			children = (
				48B51CE41B74F35600171870 /* ti.app */,
				48B51CF91B74F35600171870 /* tiTests.xctest */,
			);
			name = Products;
			sourceTree = "<group>";
		};
		48B51CE61B74F35600171870 /* ti */ = {
			isa = PBXGroup;
			children = (
				489811F21B776BD6003D3414 /* View Controllers */,
				48B51CE91B74F35600171870 /* AppDelegate.swift */,
				48B51CEB1B74F35600171870 /* ViewController.swift */,
				48B51CED1B74F35600171870 /* Main.storyboard */,
				48B51CF01B74F35600171870 /* Images.xcassets */,
				48B51CF21B74F35600171870 /* LaunchScreen.xib */,
				48B51CE71B74F35600171870 /* Supporting Files */,
			);
			path = ti;
			sourceTree = "<group>";
		};
		48B51CE71B74F35600171870 /* Supporting Files */ = {
			isa = PBXGroup;
			children = (
				48B51CE81B74F35600171870 /* Info.plist */,
			);
			name = "Supporting Files";
			sourceTree = "<group>";
		};
		48B51CFC1B74F35600171870 /* tiTests */ = {
			isa = PBXGroup;
			children = (
				48B51CFF1B74F35600171870 /* tiTests.swift */,
				48B51CFD1B74F35600171870 /* Supporting Files */,
			);
			path = tiTests;
			sourceTree = "<group>";
		};
		48B51CFD1B74F35600171870 /* Supporting Files */ = {
			isa = PBXGroup;
			children = (
				48B51CFE1B74F35600171870 /* Info.plist */,
			);
			name = "Supporting Files";
			sourceTree = "<group>";
		};
/* End PBXGroup section */

/* Begin PBXNativeTarget section */
		48B51CE31B74F35600171870 /* ti */ = {
			isa = PBXNativeTarget;
			buildConfigurationList = 48B51D031B74F35600171870 /* Build configuration list for PBXNativeTarget "ti" */;
			buildPhases = (
				48B51CE01B74F35600171870 /* Sources */,
				48B51CE11B74F35600171870 /* Frameworks */,
				48B51CE21B74F35600171870 /* Resources */,
			);
			buildRules = (
			);
			dependencies = (
			);
			name = ti;
			productName = ti;
			productReference = 48B51CE41B74F35600171870 /* ti.app */;
			productType = "com.apple.product-type.application";
		};
		48B51CF81B74F35600171870 /* tiTests */ = {
			isa = PBXNativeTarget;
			buildConfigurationList = 48B51D061B74F35600171870 /* Build configuration list for PBXNativeTarget "tiTests" */;
			buildPhases = (
				48B51CF51B74F35600171870 /* Sources */,
				48B51CF61B74F35600171870 /* Frameworks */,
				48B51CF71B74F35600171870 /* Resources */,
			);
			buildRules = (
			);
			dependencies = (
				48B51CFB1B74F35600171870 /* PBXTargetDependency */,
			);
			name = tiTests;
			productName = tiTests;
			productReference = 48B51CF91B74F35600171870 /* tiTests.xctest */;
			productType = "com.apple.product-type.bundle.unit-test";
		};
/* End PBXNativeTarget section */

/* Begin PBXProject section */
		48B51CDC1B74F35600171870 /* Project object */ = {
			isa = PBXProject;
			attributes = {
				LastUpgradeCheck = 0640;
				ORGANIZATIONNAME = "Hoang Dang";
				TargetAttributes = {
					48B51CE31B74F35600171870 = {
						CreatedOnToolsVersion = 6.4;
					};
					48B51CF81B74F35600171870 = {
						CreatedOnToolsVersion = 6.4;
						TestTargetID = 48B51CE31B74F35600171870;
					};
				};
			};
			buildConfigurationList = 48B51CDF1B74F35600171870 /* Build configuration list for PBXProject "ti" */;
			compatibilityVersion = "Xcode 3.2";
			developmentRegion = English;
			hasScannedForEncodings = 0;
			knownRegions = (
				en,
				Base,
			);
			mainGroup = 48B51CDB1B74F35600171870;
			productRefGroup = 48B51CE51B74F35600171870 /* Products */;
			projectDirPath = "";
			projectRoot = "";
			targets = (
				48B51CE31B74F35600171870 /* ti */,
				48B51CF81B74F35600171870 /* tiTests */,
			);
		};
/* End PBXProject section */

/* Begin PBXResourcesBuildPhase section */
		48B51CE21B74F35600171870 /* Resources */ = {
			isa = PBXResourcesBuildPhase;
			buildActionMask = 2147483647;
			files = (
				48B51CEF1B74F35600171870 /* Main.storyboard in Resources */,
				48B51CF41B74F35600171870 /* LaunchScreen.xib in Resources */,
				48B51CF11B74F35600171870 /* Images.xcassets in Resources */,
			);
			runOnlyForDeploymentPostprocessing = 0;
		};
		48B51CF71B74F35600171870 /* Resources */ = {
			isa = PBXResourcesBuildPhase;
			buildActionMask = 2147483647;
			files = (
			);
			runOnlyForDeploymentPostprocessing = 0;
		};
/* End PBXResourcesBuildPhase section */

/* Begin PBXSourcesBuildPhase section */
		48B51CE01B74F35600171870 /* Sources */ = {
			isa = PBXSourcesBuildPhase;
			buildActionMask = 2147483647;
			files = (
				489811F41B7774FD003D3414 /* UserViewController.swift in Sources */,
				48B51CEC1B74F35600171870 /* ViewController.swift in Sources */,
				48B51CEA1B74F35600171870 /* AppDelegate.swift in Sources */,
			);
			runOnlyForDeploymentPostprocessing = 0;
		};
		48B51CF51B74F35600171870 /* Sources */ = {
			isa = PBXSourcesBuildPhase;
			buildActionMask = 2147483647;
			files = (
				48B51D001B74F35600171870 /* tiTests.swift in Sources */,
			);
			runOnlyForDeploymentPostprocessing = 0;
		};
/* End PBXSourcesBuildPhase section */

/* Begin PBXTargetDependency section */
		48B51CFB1B74F35600171870 /* PBXTargetDependency */ = {
			isa = PBXTargetDependency;
			target = 48B51CE31B74F35600171870 /* ti */;
			targetProxy = 48B51CFA1B74F35600171870 /* PBXContainerItemProxy */;
		};
/* End PBXTargetDependency section */

/* Begin PBXVariantGroup section */
		48B51CED1B74F35600171870 /* Main.storyboard */ = {
			isa = PBXVariantGroup;
			children = (
				48B51CEE1B74F35600171870 /* Base */,
			);
			name = Main.storyboard;
			sourceTree = "<group>";
		};
		48B51CF21B74F35600171870 /* LaunchScreen.xib */ = {
			isa = PBXVariantGroup;
			children = (
				48B51CF31B74F35600171870 /* Base */,
			);
			name = LaunchScreen.xib;
			sourceTree = "<group>";
		};
/* End PBXVariantGroup section */

/* Begin XCBuildConfiguration section */
		48B51D011B74F35600171870 /* Debug */ = {
			isa = XCBuildConfiguration;
			buildSettings = {
				ALWAYS_SEARCH_USER_PATHS = NO;
				CLANG_CXX_LANGUAGE_STANDARD = "gnu++0x";
				CLANG_CXX_LIBRARY = "libc++";
				CLANG_ENABLE_MODULES = YES;
				CLANG_ENABLE_OBJC_ARC = YES;
				CLANG_WARN_BOOL_CONVERSION = YES;
				CLANG_WARN_CONSTANT_CONVERSION = YES;
				CLANG_WARN_DIRECT_OBJC_ISA_USAGE = YES_ERROR;
				CLANG_WARN_EMPTY_BODY = YES;
				CLANG_WARN_ENUM_CONVERSION = YES;
				CLANG_WARN_INT_CONVERSION = YES;
				CLANG_WARN_OBJC_ROOT_CLASS = YES_ERROR;
				CLANG_WARN_UNREACHABLE_CODE = YES;
				CLANG_WARN__DUPLICATE_METHOD_MATCH = YES;
				"CODE_SIGN_IDENTITY[sdk=iphoneos*]" = "iPhone Developer";
				COPY_PHASE_STRIP = NO;
				DEBUG_INFORMATION_FORMAT = "dwarf-with-dsym";
				ENABLE_STRICT_OBJC_MSGSEND = YES;
				GCC_C_LANGUAGE_STANDARD = gnu99;
				GCC_DYNAMIC_NO_PIC = NO;
				GCC_NO_COMMON_BLOCKS = YES;
				GCC_OPTIMIZATION_LEVEL = 0;
				GCC_PREPROCESSOR_DEFINITIONS = (
					"DEBUG=1",
					"$(inherited)",
				);
				GCC_SYMBOLS_PRIVATE_EXTERN = NO;
				GCC_WARN_64_TO_32_BIT_CONVERSION = YES;
				GCC_WARN_ABOUT_RETURN_TYPE = YES_ERROR;
				GCC_WARN_UNDECLARED_SELECTOR = YES;
				GCC_WARN_UNINITIALIZED_AUTOS = YES_AGGRESSIVE;
				GCC_WARN_UNUSED_FUNCTION = YES;
				GCC_WARN_UNUSED_VARIABLE = YES;
				IPHONEOS_DEPLOYMENT_TARGET = 8.4;
				MTL_ENABLE_DEBUG_INFO = YES;
				ONLY_ACTIVE_ARCH = YES;
				SDKROOT = iphoneos;
				SWIFT_OPTIMIZATION_LEVEL = "-Onone";
			};
			name = Debug;
		};
		48B51D021B74F35600171870 /* Release */ = {
			isa = XCBuildConfiguration;
			buildSettings = {
				ALWAYS_SEARCH_USER_PATHS = NO;
				CLANG_CXX_LANGUAGE_STANDARD = "gnu++0x";
				CLANG_CXX_LIBRARY = "libc++";
				CLANG_ENABLE_MODULES = YES;
				CLANG_ENABLE_OBJC_ARC = YES;
				CLANG_WARN_BOOL_CONVERSION = YES;
				CLANG_WARN_CONSTANT_CONVERSION = YES;
				CLANG_WARN_DIRECT_OBJC_ISA_USAGE = YES_ERROR;
				CLANG_WARN_EMPTY_BODY = YES;
				CLANG_WARN_ENUM_CONVERSION = YES;
				CLANG_WARN_INT_CONVERSION = YES;
				CLANG_WARN_OBJC_ROOT_CLASS = YES_ERROR;
				CLANG_WARN_UNREACHABLE_CODE = YES;
				CLANG_WARN__DUPLICATE_METHOD_MATCH = YES;
				"CODE_SIGN_IDENTITY[sdk=iphoneos*]" = "iPhone Developer";
				COPY_PHASE_STRIP = NO;
				DEBUG_INFORMATION_FORMAT = "dwarf-with-dsym";
				ENABLE_NS_ASSERTIONS = NO;
				ENABLE_STRICT_OBJC_MSGSEND = YES;
				GCC_C_LANGUAGE_STANDARD = gnu99;
				GCC_NO_COMMON_BLOCKS = YES;
				GCC_WARN_64_TO_32_BIT_CONVERSION = YES;
				GCC_WARN_ABOUT_RETURN_TYPE = YES_ERROR;
				GCC_WARN_UNDECLARED_SELECTOR = YES;
				GCC_WARN_UNINITIALIZED_AUTOS = YES_AGGRESSIVE;
				GCC_WARN_UNUSED_FUNCTION = YES;
				GCC_WARN_UNUSED_VARIABLE = YES;
				IPHONEOS_DEPLOYMENT_TARGET = 8.4;
				MTL_ENABLE_DEBUG_INFO = NO;
				SDKROOT = iphoneos;
				VALIDATE_PRODUCT = YES;
			};
			name = Release;
		};
		48B51D041B74F35600171870 /* Debug */ = {
			isa = XCBuildConfiguration;
			buildSettings = {
				ASSETCATALOG_COMPILER_APPICON_NAME = AppIcon;
				CODE_SIGN_IDENTITY = "iPhone Developer";
				INFOPLIST_FILE = ti/Info.plist;
				IPHONEOS_DEPLOYMENT_TARGET = 7.0;
				LD_RUNPATH_SEARCH_PATHS = "$(inherited) @executable_path/Frameworks";
				PRODUCT_NAME = "$(TARGET_NAME)";
			};
			name = Debug;
		};
		48B51D051B74F35600171870 /* Release */ = {
			isa = XCBuildConfiguration;
			buildSettings = {
				ASSETCATALOG_COMPILER_APPICON_NAME = AppIcon;
				CODE_SIGN_IDENTITY = "iPhone Developer";
				INFOPLIST_FILE = ti/Info.plist;
				IPHONEOS_DEPLOYMENT_TARGET = 7.0;
				LD_RUNPATH_SEARCH_PATHS = "$(inherited) @executable_path/Frameworks";
				PRODUCT_NAME = "$(TARGET_NAME)";
			};
			name = Release;
		};
		48B51D071B74F35600171870 /* Debug */ = {
			isa = XCBuildConfiguration;
			buildSettings = {
				BUNDLE_LOADER = "$(TEST_HOST)";
				FRAMEWORK_SEARCH_PATHS = (
					"$(SDKROOT)/Developer/Library/Frameworks",
					"$(inherited)",
				);
				GCC_PREPROCESSOR_DEFINITIONS = (
					"DEBUG=1",
					"$(inherited)",
				);
				INFOPLIST_FILE = tiTests/Info.plist;
				LD_RUNPATH_SEARCH_PATHS = "$(inherited) @executable_path/Frameworks @loader_path/Frameworks";
				PRODUCT_NAME = "$(TARGET_NAME)";
				TEST_HOST = "$(BUILT_PRODUCTS_DIR)/ti.app/ti";
			};
			name = Debug;
		};
		48B51D081B74F35600171870 /* Release */ = {
			isa = XCBuildConfiguration;
			buildSettings = {
				BUNDLE_LOADER = "$(TEST_HOST)";
				FRAMEWORK_SEARCH_PATHS = (
					"$(SDKROOT)/Developer/Library/Frameworks",
					"$(inherited)",
				);
				INFOPLIST_FILE = tiTests/Info.plist;
				LD_RUNPATH_SEARCH_PATHS = "$(inherited) @executable_path/Frameworks @loader_path/Frameworks";
				PRODUCT_NAME = "$(TARGET_NAME)";
				TEST_HOST = "$(BUILT_PRODUCTS_DIR)/ti.app/ti";
			};
			name = Release;
		};
/* End XCBuildConfiguration section */

/* Begin XCConfigurationList section */
		48B51CDF1B74F35600171870 /* Build configuration list for PBXProject "ti" */ = {
			isa = XCConfigurationList;
			buildConfigurations = (
				48B51D011B74F35600171870 /* Debug */,
				48B51D021B74F35600171870 /* Release */,
			);
			defaultConfigurationIsVisible = 0;
			defaultConfigurationName = Release;
		};
		48B51D031B74F35600171870 /* Build configuration list for PBXNativeTarget "ti" */ = {
			isa = XCConfigurationList;
			buildConfigurations = (
				48B51D041B74F35600171870 /* Debug */,
				48B51D051B74F35600171870 /* Release */,
			);
			defaultConfigurationIsVisible = 0;
			defaultConfigurationName = Release;
		};
		48B51D061B74F35600171870 /* Build configuration list for PBXNativeTarget "tiTests" */ = {
			isa = XCConfigurationList;
			buildConfigurations = (
				48B51D071B74F35600171870 /* Debug */,
				48B51D081B74F35600171870 /* Release */,
			);
			defaultConfigurationIsVisible = 0;
			defaultConfigurationName = Release;
		};
/* End XCConfigurationList section */
	};
	rootObject = 48B51CDC1B74F35600171870 /* Project object */;
}
